
Microsoft Visual Studio Solution File, Format Version 12.00
# Visual Studio 2012
Project("{FAE04EC0-301F-11D3-BF4B-00C04F79EFBC}") = "JetImageLoader", "JetImageLoader.csproj", "{83723B46-02FC-42DA-A803-A1C363F266FA}"
EndProject
Project("{FAE04EC0-301F-11D3-BF4B-00C04F79EFBC}") = "JetImageLoader.Wp7", "..\JetImageLoader.Wp7\JetImageLoader.Wp7.csproj", "{F43848EC-EBFF-4D8C-A30C-953DC65F0AAB}"
EndProject
Global
	GlobalSection(SolutionConfigurationPlatforms) = preSolution
		Debug|Any CPU = Debug|Any CPU
		Debug|ARM = Debug|ARM
		Debug|x86 = Debug|x86
		Release|Any CPU = Release|Any CPU
		Release|ARM = Release|ARM
		Release|x86 = Release|x86
	EndGlobalSection
	GlobalSection(ProjectConfigurationPlatforms) = postSolution
		{83723B46-02FC-42DA-A803-A1C363F266FA}.Debug|Any CPU.ActiveCfg = Debug|Any CPU
		{83723B46-02FC-42DA-A803-A1C363F266FA}.Debug|Any CPU.Build.0 = Debug|Any CPU
		{83723B46-02FC-42DA-A803-A1C363F266FA}.Debug|ARM.ActiveCfg = Debug|ARM
		{83723B46-02FC-42DA-A803-A1C363F266FA}.Debug|ARM.Build.0 = Debug|ARM
		{83723B46-02FC-42DA-A803-A1C363F266FA}.Debug|x86.ActiveCfg = Debug|x86
		{83723B46-02FC-42DA-A803-A1C363F266FA}.Debug|x86.Build.0 = Debug|x86
		{83723B46-02FC-42DA-A803-A1C363F266FA}.Release|Any CPU.ActiveCfg = Release|Any CPU
		{83723B46-02FC-42DA-A803-A1C363F266FA}.Release|Any CPU.Build.0 = Release|Any CPU
		{83723B46-02FC-42DA-A803-A1C363F266FA}.Release|ARM.ActiveCfg = Release|ARM
		{83723B46-02FC-42DA-A803-A1C363F266FA}.Release|ARM.Build.0 = Release|ARM
		{83723B46-02FC-42DA-A803-A1C363F266FA}.Release|x86.ActiveCfg = Release|x86
		{83723B46-02FC-42DA-A803-A1C363F266FA}.Release|x86.Build.0 = Release|x86
		{F43848EC-EBFF-4D8C-A30C-953DC65F0AAB}.Debug|Any CPU.ActiveCfg = Debug|Any CPU
		{F43848EC-EBFF-4D8C-A30C-953DC65F0AAB}.Debug|Any CPU.Build.0 = Debug|Any CPU
		{F43848EC-EBFF-4D8C-A30C-953DC65F0AAB}.Debug|ARM.ActiveCfg = Debug|Any CPU
		{F43848EC-EBFF-4D8C-A30C-953DC65F0AAB}.Debug|x86.ActiveCfg = Debug|Any CPU
		{F43848EC-EBFF-4D8C-A30C-953DC65F0AAB}.Release|Any CPU.ActiveCfg = Release|Any CPU
		{F43848EC-EBFF-4D8C-A30C-953DC65F0AAB}.Release|Any CPU.Build.0 = Release|Any CPU
		{F43848EC-EBFF-4D8C-A30C-953DC65F0AAB}.Release|ARM.ActiveCfg = Release|Any CPU
		{F43848EC-EBFF-4D8C-A30C-953DC65F0AAB}.Release|x86.ActiveCfg = Release|Any CPU
	EndGlobalSection
	GlobalSection(SolutionProperties) = preSolution
		HideSolutionNode = FALSE
	EndGlobalSection
EndGlobal
